Microsoft Visual Studio Solution File, Format Version 12.00
# Visual Studio Version 17
VisualStudioVersion = 17.5.2.0
MinimumVisualStudioVersion = 10.0.40219.1
Project("{FAE04EC0-301F-11D3-BF4B-00C04F79EFBC}") = "Model-Prompt", "Model-Prompt\Model-Prompt.csproj", "{40E9C11A-311B-7B53-0C4B-098CB7DD41C8}"
EndProject
Project("{FAE04EC0-301F-11D3-BF4B-00C04F79EFBC}") = "TestProject12", "TestProject12\TestProject12.csproj", "{F36E593D-4D83-4BE1-A3B1-8C5815DEF415}"
EndProject
Global
	GlobalSection(SolutionConfigurationPlatforms) = preSolution
		Debug|Any CPU = Debug|Any CPU
		Release|Any CPU = Release|Any CPU
	EndGlobalSection
	GlobalSection(ProjectConfigurationPlatforms) = postSolution
		{40E9C11A-311B-7B53-0C4B-098CB7DD41C8}.Debug|Any CPU.ActiveCfg = Debug|Any CPU
		{40E9C11A-311B-7B53-0C4B-098CB7DD41C8}.Debug|Any CPU.Build.0 = Debug|Any CPU
		{40E9C11A-311B-7B53-0C4B-098CB7DD41C8}.Release|Any CPU.ActiveCfg = Release|Any CPU
		{40E9C11A-311B-7B53-0C4B-098CB7DD41C8}.Release|Any CPU.Build.0 = Release|Any CPU
		{F36E593D-4D83-4BE1-A3B1-8C5815DEF415}.Debug|Any CPU.ActiveCfg = Debug|Any CPU
		{F36E593D-4D83-4BE1-A3B1-8C5815DEF415}.Debug|Any CPU.Build.0 = Debug|Any CPU
		{F36E593D-4D83-4BE1-A3B1-8C5815DEF415}.Release|Any CPU.ActiveCfg = Release|Any CPU
		{F36E593D-4D83-4BE1-A3B1-8C5815DEF415}.Release|Any CPU.Build.0 = Release|Any CPU
	EndGlobalSection
	GlobalSection(SolutionProperties) = preSolution
		HideSolutionNode = FALSE
	EndGlobalSection
	GlobalSection(ExtensibilityGlobals) = postSolution
		SolutionGuid = {2B28623A-19B1-4B40-8E54-283B043C9C90}
	EndGlobalSection
EndGlobal
